// !$*UTF8*$!
{
	archiveVersion = 1;
	classes = {
	};
	objectVersion = 50;
	objects = {

/* Begin PBXBuildFile section */
		6A5C33D222C2CB24005E2961 /* AppDelegate.swift in Sources */ = {isa = PBXBuildFile; fileRef = 6A5C33D122C2CB24005E2961 /* AppDelegate.swift */; };
		6A5C33D422C2CB24005E2961 /* ViewController.swift in Sources */ = {isa = PBXBuildFile; fileRef = 6A5C33D322C2CB24005E2961 /* ViewController.swift */; };
		6A5C33D722C2CB24005E2961 /* Main.storyboard in Resources */ = {isa = PBXBuildFile; fileRef = 6A5C33D522C2CB24005E2961 /* Main.storyboard */; };
		6A5C33DA22C2CB24005E2961 /* TouchBistroChallenge.xcdatamodeld in Sources */ = {isa = PBXBuildFile; fileRef = 6A5C33D822C2CB24005E2961 /* TouchBistroChallenge.xcdatamodeld */; };
		6A5C33DC22C2CB26005E2961 /* Assets.xcassets in Resources */ = {isa = PBXBuildFile; fileRef = 6A5C33DB22C2CB26005E2961 /* Assets.xcassets */; };
		6A5C33DF22C2CB26005E2961 /* LaunchScreen.storyboard in Resources */ = {isa = PBXBuildFile; fileRef = 6A5C33DD22C2CB26005E2961 /* LaunchScreen.storyboard */; };
		6A5C33EA22C2CB26005E2961 /* TouchBistroChallengeTests.swift in Sources */ = {isa = PBXBuildFile; fileRef = 6A5C33E922C2CB26005E2961 /* TouchBistroChallengeTests.swift */; };
/* End PBXBuildFile section */

/* Begin PBXContainerItemProxy section */
		6A5C33E622C2CB26005E2961 /* PBXContainerItemProxy */ = {
			isa = PBXContainerItemProxy;
			containerPortal = 6A5C33C622C2CB24005E2961 /* Project object */;
			proxyType = 1;
			remoteGlobalIDString = 6A5C33CD22C2CB24005E2961;
			remoteInfo = TouchBistroChallenge;
		};
/* End PBXContainerItemProxy section */

/* Begin PBXFileReference section */
		6A5C33CE22C2CB24005E2961 /* TouchBistroChallenge.app */ = {isa = PBXFileReference; explicitFileType = wrapper.application; includeInIndex = 0; path = TouchBistroChallenge.app; sourceTree = BUILT_PRODUCTS_DIR; };
		6A5C33D122C2CB24005E2961 /* AppDelegate.swift */ = {isa = PBXFileReference; lastKnownFileType = sourcecode.swift; path = AppDelegate.swift; sourceTree = "<group>"; };
		6A5C33D322C2CB24005E2961 /* ViewController.swift */ = {isa = PBXFileReference; lastKnownFileType = sourcecode.swift; path = ViewController.swift; sourceTree = "<group>"; };
		6A5C33D622C2CB24005E2961 /* Base */ = {isa = PBXFileReference; lastKnownFileType = file.storyboard; name = Base; path = Base.lproj/Main.storyboard; sourceTree = "<group>"; };
		6A5C33D922C2CB24005E2961 /* TouchBistroChallenge.xcdatamodel */ = {isa = PBXFileReference; lastKnownFileType = wrapper.xcdatamodel; path = TouchBistroChallenge.xcdatamodel; sourceTree = "<group>"; };
		6A5C33DB22C2CB26005E2961 /* Assets.xcassets */ = {isa = PBXFileReference; lastKnownFileType = folder.assetcatalog; path = Assets.xcassets; sourceTree = "<group>"; };
		6A5C33DE22C2CB26005E2961 /* Base */ = {isa = PBXFileReference; lastKnownFileType = file.storyboard; name = Base; path = Base.lproj/LaunchScreen.storyboard; sourceTree = "<group>"; };
		6A5C33E022C2CB26005E2961 /* Info.plist */ = {isa = PBXFileReference; lastKnownFileType = text.plist.xml; path = Info.plist; sourceTree = "<group>"; };
		6A5C33E522C2CB26005E2961 /* TouchBistroChallengeTests.xctest */ = {isa = PBXFileReference; explicitFileType = wrapper.cfbundle; includeInIndex = 0; path = TouchBistroChallengeTests.xctest; sourceTree = BUILT_PRODUCTS_DIR; };
		6A5C33E922C2CB26005E2961 /* TouchBistroChallengeTests.swift */ = {isa = PBXFileReference; lastKnownFileType = sourcecode.swift; path = TouchBistroChallengeTests.swift; sourceTree = "<group>"; };
		6A5C33EB22C2CB26005E2961 /* Info.plist */ = {isa = PBXFileReference; lastKnownFileType = text.plist.xml; path = Info.plist; sourceTree = "<group>"; };
/* End PBXFileReference section */

/* Begin PBXFrameworksBuildPhase section */
		6A5C33CB22C2CB24005E2961 /* Frameworks */ = {
			isa = PBXFrameworksBuildPhase;
			buildActionMask = 2147483647;
			files = (
			);
			runOnlyForDeploymentPostprocessing = 0;
		};
		6A5C33E222C2CB26005E2961 /* Frameworks */ = {
			isa = PBXFrameworksBuildPhase;
			buildActionMask = 2147483647;
			files = (
			);
			runOnlyForDeploymentPostprocessing = 0;
		};
/* End PBXFrameworksBuildPhase section */

/* Begin PBXGroup section */
		6A5C33C522C2CB24005E2961 = {
			isa = PBXGroup;
			children = (
				6A5C33D022C2CB24005E2961 /* TouchBistroChallenge */,
				6A5C33E822C2CB26005E2961 /* TouchBistroChallengeTests */,
				6A5C33CF22C2CB24005E2961 /* Products */,
			);
			sourceTree = "<group>";
		};
		6A5C33CF22C2CB24005E2961 /* Products */ = {
			isa = PBXGroup;
			children = (
				6A5C33CE22C2CB24005E2961 /* TouchBistroChallenge.app */,
				6A5C33E522C2CB26005E2961 /* TouchBistroChallengeTests.xctest */,
			);
			name = Products;
			sourceTree = "<group>";
		};
		6A5C33D022C2CB24005E2961 /* TouchBistroChallenge */ = {
			isa = PBXGroup;
			children = (
				6A5C33D122C2CB24005E2961 /* AppDelegate.swift */,
				6A5C33D322C2CB24005E2961 /* ViewController.swift */,
				6A5C33D522C2CB24005E2961 /* Main.storyboard */,
				6A5C33DB22C2CB26005E2961 /* Assets.xcassets */,
				6A5C33DD22C2CB26005E2961 /* LaunchScreen.storyboard */,
				6A5C33E022C2CB26005E2961 /* Info.plist */,
				6A5C33D822C2CB24005E2961 /* TouchBistroChallenge.xcdatamodeld */,
			);
			path = TouchBistroChallenge;
			sourceTree = "<group>";
		};
		6A5C33E822C2CB26005E2961 /* TouchBistroChallengeTests */ = {
			isa = PBXGroup;
			children = (
				6A5C33E922C2CB26005E2961 /* TouchBistroChallengeTests.swift */,
				6A5C33EB22C2CB26005E2961 /* Info.plist */,
			);
			path = TouchBistroChallengeTests;
			sourceTree = "<group>";
		};
/* End PBXGroup section */

/* Begin PBXNativeTarget section */
		6A5C33CD22C2CB24005E2961 /* TouchBistroChallenge */ = {
			isa = PBXNativeTarget;
			buildConfigurationList = 6A5C33EE22C2CB26005E2961 /* Build configuration list for PBXNativeTarget "TouchBistroChallenge" */;
			buildPhases = (
				6A5C33CA22C2CB24005E2961 /* Sources */,
				6A5C33CB22C2CB24005E2961 /* Frameworks */,
				6A5C33CC22C2CB24005E2961 /* Resources */,
			);
			buildRules = (
			);
			dependencies = (
			);
			name = TouchBistroChallenge;
			productName = TouchBistroChallenge;
			productReference = 6A5C33CE22C2CB24005E2961 /* TouchBistroChallenge.app */;
			productType = "com.apple.product-type.application";
		};
		6A5C33E422C2CB26005E2961 /* TouchBistroChallengeTests */ = {
			isa = PBXNativeTarget;
			buildConfigurationList = 6A5C33F122C2CB26005E2961 /* Build configuration list for PBXNativeTarget "TouchBistroChallengeTests" */;
			buildPhases = (
				6A5C33E122C2CB26005E2961 /* Sources */,
				6A5C33E222C2CB26005E2961 /* Frameworks */,
				6A5C33E322C2CB26005E2961 /* Resources */,
			);
			buildRules = (
			);
			dependencies = (
				6A5C33E722C2CB26005E2961 /* PBXTargetDependency */,
			);
			name = TouchBistroChallengeTests;
			productName = TouchBistroChallengeTests;
			productReference = 6A5C33E522C2CB26005E2961 /* TouchBistroChallengeTests.xctest */;
			productType = "com.apple.product-type.bundle.unit-test";
		};
/* End PBXNativeTarget section */

/* Begin PBXProject section */
		6A5C33C622C2CB24005E2961 /* Project object */ = {
			isa = PBXProject;
			attributes = {
				LastSwiftUpdateCheck = 1000;
				LastUpgradeCheck = 1000;
				ORGANIZATIONNAME = "Joe Crozier";
				TargetAttributes = {
					6A5C33CD22C2CB24005E2961 = {
						CreatedOnToolsVersion = 10.0;
					};
					6A5C33E422C2CB26005E2961 = {
						CreatedOnToolsVersion = 10.0;
						TestTargetID = 6A5C33CD22C2CB24005E2961;
					};
				};
			};
			buildConfigurationList = 6A5C33C922C2CB24005E2961 /* Build configuration list for PBXProject "TouchBistroChallenge" */;
			compatibilityVersion = "Xcode 9.3";
			developmentRegion = en;
			hasScannedForEncodings = 0;
			knownRegions = (
				en,
				Base,
			);
			mainGroup = 6A5C33C522C2CB24005E2961;
			productRefGroup = 6A5C33CF22C2CB24005E2961 /* Products */;
			projectDirPath = "";
			projectRoot = "";
			targets = (
				6A5C33CD22C2CB24005E2961 /* TouchBistroChallenge */,
				6A5C33E422C2CB26005E2961 /* TouchBistroChallengeTests */,
			);
		};
/* End PBXProject section */

/* Begin PBXResourcesBuildPhase section */
		6A5C33CC22C2CB24005E2961 /* Resources */ = {
			isa = PBXResourcesBuildPhase;
			buildActionMask = 2147483647;
			files = (
				6A5C33DF22C2CB26005E2961 /* LaunchScreen.storyboard in Resources */,
				6A5C33DC22C2CB26005E2961 /* Assets.xcassets in Resources */,
				6A5C33D722C2CB24005E2961 /* Main.storyboard in Resources */,
			);
			runOnlyForDeploymentPostprocessing = 0;
		};
		6A5C33E322C2CB26005E2961 /* Resources */ = {
			isa = PBXResourcesBuildPhase;
			buildActionMask = 2147483647;
			files = (
			);
			runOnlyForDeploymentPostprocessing = 0;
		};
/* End PBXResourcesBuildPhase section */

/* Begin PBXSourcesBuildPhase section */
		6A5C33CA22C2CB24005E2961 /* Sources */ = {
			isa = PBXSourcesBuildPhase;
			buildActionMask = 2147483647;
			files = (
				6A5C33D422C2CB24005E2961 /* ViewController.swift in Sources */,
				6A5C33DA22C2CB24005E2961 /* TouchBistroChallenge.xcdatamodeld in Sources */,
				6A5C33D222C2CB24005E2961 /* AppDelegate.swift in Sources */,
			);
			runOnlyForDeploymentPostprocessing = 0;
		};
		6A5C33E122C2CB26005E2961 /* Sources */ = {
			isa = PBXSourcesBuildPhase;
			buildActionMask = 2147483647;
			files = (
				6A5C33EA22C2CB26005E2961 /* TouchBistroChallengeTests.swift in Sources */,
			);
			runOnlyForDeploymentPostprocessing = 0;
		};
/* End PBXSourcesBuildPhase section */

/* Begin PBXTargetDependency section */
		6A5C33E722C2CB26005E2961 /* PBXTargetDependency */ = {
			isa = PBXTargetDependency;
			target = 6A5C33CD22C2CB24005E2961 /* TouchBistroChallenge */;
			targetProxy = 6A5C33E622C2CB26005E2961 /* PBXContainerItemProxy */;
		};
/* End PBXTargetDependency section */

/* Begin PBXVariantGroup section */
		6A5C33D522C2CB24005E2961 /* Main.storyboard */ = {
			isa = PBXVariantGroup;
			children = (
				6A5C33D622C2CB24005E2961 /* Base */,
			);
			name = Main.storyboard;
			sourceTree = "<group>";
		};
		6A5C33DD22C2CB26005E2961 /* LaunchScreen.storyboard */ = {
			isa = PBXVariantGroup;
			children = (
				6A5C33DE22C2CB26005E2961 /* Base */,
			);
			name = LaunchScreen.storyboard;
			sourceTree = "<group>";
		};
/* End PBXVariantGroup section */

/* Begin XCBuildConfiguration section */
		6A5C33EC22C2CB26005E2961 /* Debug */ = {
			isa = XCBuildConfiguration;
			buildSettings = {
				ALWAYS_SEARCH_USER_PATHS = NO;
				CLANG_ANALYZER_NONNULL = YES;
				CLANG_ANALYZER_NUMBER_OBJECT_CONVERSION = YES_AGGRESSIVE;
				CLANG_CXX_LANGUAGE_STANDARD = "gnu++14";
				CLANG_CXX_LIBRARY = "libc++";
				CLANG_ENABLE_MODULES = YES;
				CLANG_ENABLE_OBJC_ARC = YES;
				CLANG_ENABLE_OBJC_WEAK = YES;
				CLANG_WARN_BLOCK_CAPTURE_AUTORELEASING = YES;
				CLANG_WARN_BOOL_CONVERSION = YES;
				CLANG_WARN_COMMA = YES;
				CLANG_WARN_CONSTANT_CONVERSION = YES;
				CLANG_WARN_DEPRECATED_OBJC_IMPLEMENTATIONS = YES;
				CLANG_WARN_DIRECT_OBJC_ISA_USAGE = YES_ERROR;
				CLANG_WARN_DOCUMENTATION_COMMENTS = YES;
				CLANG_WARN_EMPTY_BODY = YES;
				CLANG_WARN_ENUM_CONVERSION = YES;
				CLANG_WARN_INFINITE_RECURSION = YES;
				CLANG_WARN_INT_CONVERSION = YES;
				CLANG_WARN_NON_LITERAL_NULL_CONVERSION = YES;
				CLANG_WARN_OBJC_IMPLICIT_RETAIN_SELF = YES;
				CLANG_WARN_OBJC_LITERAL_CONVERSION = YES;
				CLANG_WARN_OBJC_ROOT_CLASS = YES_ERROR;
				CLANG_WARN_RANGE_LOOP_ANALYSIS = YES;
				CLANG_WARN_STRICT_PROTOTYPES = YES;
				CLANG_WARN_SUSPICIOUS_MOVE = YES;
				CLANG_WARN_UNGUARDED_AVAILABILITY = YES_AGGRESSIVE;
				CLANG_WARN_UNREACHABLE_CODE = YES;
				CLANG_WARN__DUPLICATE_METHOD_MATCH = YES;
				CODE_SIGN_IDENTITY = "iPhone Developer";
				COPY_PHASE_STRIP = NO;
				DEBUG_INFORMATION_FORMAT = dwarf;
				ENABLE_STRICT_OBJC_MSGSEND = YES;
				ENABLE_TESTABILITY = YES;
				GCC_C_LANGUAGE_STANDARD = gnu11;
				GCC_DYNAMIC_NO_PIC = NO;
				GCC_NO_COMMON_BLOCKS = YES;
				GCC_OPTIMIZATION_LEVEL = 0;
				GCC_PREPROCESSOR_DEFINITIONS = (
					"DEBUG=1",
					"$(inherited)",
				);
				GCC_WARN_64_TO_32_BIT_CONVERSION = YES;
				GCC_WARN_ABOUT_RETURN_TYPE = YES_ERROR;
				GCC_WARN_UNDECLARED_SELECTOR = YES;
				GCC_WARN_UNINITIALIZED_AUTOS = YES_AGGRESSIVE;
				GCC_WARN_UNUSED_FUNCTION = YES;
				GCC_WARN_UNUSED_VARIABLE = YES;
				IPHONEOS_DEPLOYMENT_TARGET = 12.0;
				MTL_ENABLE_DEBUG_INFO = INCLUDE_SOURCE;
				MTL_FAST_MATH = YES;
				ONLY_ACTIVE_ARCH = YES;
				SDKROOT = iphoneos;
				SWIFT_ACTIVE_COMPILATION_CONDITIONS = DEBUG;
				SWIFT_OPTIMIZATION_LEVEL = "-Onone";
			};
			name = Debug;
		};
		6A5C33ED22C2CB26005E2961 /* Release */ = {
			isa = XCBuildConfiguration;
			buildSettings = {
				ALWAYS_SEARCH_USER_PATHS = NO;
				CLANG_ANALYZER_NONNULL = YES;
				CLANG_ANALYZER_NUMBER_OBJECT_CONVERSION = YES_AGGRESSIVE;
				CLANG_CXX_LANGUAGE_STANDARD = "gnu++14";
				CLANG_CXX_LIBRARY = "libc++";
				CLANG_ENABLE_MODULES = YES;
				CLANG_ENABLE_OBJC_ARC = YES;
				CLANG_ENABLE_OBJC_WEAK = YES;
				CLANG_WARN_BLOCK_CAPTURE_AUTORELEASING = YES;
				CLANG_WARN_BOOL_CONVERSION = YES;
				CLANG_WARN_COMMA = YES;
				CLANG_WARN_CONSTANT_CONVERSION = YES;
				CLANG_WARN_DEPRECATED_OBJC_IMPLEMENTATIONS = YES;
				CLANG_WARN_DIRECT_OBJC_ISA_USAGE = YES_ERROR;
				CLANG_WARN_DOCUMENTATION_COMMENTS = YES;
				CLANG_WARN_EMPTY_BODY = YES;
				CLANG_WARN_ENUM_CONVERSION = YES;
				CLANG_WARN_INFINITE_RECURSION = YES;
				CLANG_WARN_INT_CONVERSION = YES;
				CLANG_WARN_NON_LITERAL_NULL_CONVERSION = YES;
				CLANG_WARN_OBJC_IMPLICIT_RETAIN_SELF = YES;
				CLANG_WARN_OBJC_LITERAL_CONVERSION = YES;
				CLANG_WARN_OBJC_ROOT_CLASS = YES_ERROR;
				CLANG_WARN_RANGE_LOOP_ANALYSIS = YES;
				CLANG_WARN_STRICT_PROTOTYPES = YES;
				CLANG_WARN_SUSPICIOUS_MOVE = YES;
				CLANG_WARN_UNGUARDED_AVAILABILITY = YES_AGGRESSIVE;
				CLANG_WARN_UNREACHABLE_CODE = YES;
				CLANG_WARN__DUPLICATE_METHOD_MATCH = YES;
				CODE_SIGN_IDENTITY = "iPhone Developer";
				COPY_PHASE_STRIP = NO;
				DEBUG_INFORMATION_FORMAT = "dwarf-with-dsym";
				ENABLE_NS_ASSERTIONS = NO;
				ENABLE_STRICT_OBJC_MSGSEND = YES;
				GCC_C_LANGUAGE_STANDARD = gnu11;
				GCC_NO_COMMON_BLOCKS = YES;
				GCC_WARN_64_TO_32_BIT_CONVERSION = YES;
				GCC_WARN_ABOUT_RETURN_TYPE = YES_ERROR;
				GCC_WARN_UNDECLARED_SELECTOR = YES;
				GCC_WARN_UNINITIALIZED_AUTOS = YES_AGGRESSIVE;
				GCC_WARN_UNUSED_FUNCTION = YES;
				GCC_WARN_UNUSED_VARIABLE = YES;
				IPHONEOS_DEPLOYMENT_TARGET = 12.0;
				MTL_ENABLE_DEBUG_INFO = NO;
				MTL_FAST_MATH = YES;
				SDKROOT = iphoneos;
				SWIFT_COMPILATION_MODE = wholemodule;
				SWIFT_OPTIMIZATION_LEVEL = "-O";
				VALIDATE_PRODUCT = YES;
			};
			name = Release;
		};
		6A5C33EF22C2CB26005E2961 /* Debug */ = {
			isa = XCBuildConfiguration;
			buildSettings = {
				ASSETCATALOG_COMPILER_APPICON_NAME = AppIcon;
				CODE_SIGN_STYLE = Automatic;
				INFOPLIST_FILE = TouchBistroChallenge/Info.plist;
				LD_RUNPATH_SEARCH_PATHS = (
					"$(inherited)",
					"@executable_path/Frameworks",
				);
				PRODUCT_BUNDLE_IDENTIFIER = JC.TouchBistroChallenge;
				PRODUCT_NAME = "$(TARGET_NAME)";
				SWIFT_VERSION = 4.2;
				TARGETED_DEVICE_FAMILY = "1,2";
			};
			name = Debug;
		};
		6A5C33F022C2CB26005E2961 /* Release */ = {
			isa = XCBuildConfiguration;
			buildSettings = {
				ASSETCATALOG_COMPILER_APPICON_NAME = AppIcon;
				CODE_SIGN_STYLE = Automatic;
				INFOPLIST_FILE = TouchBistroChallenge/Info.plist;
				LD_RUNPATH_SEARCH_PATHS = (
					"$(inherited)",
					"@executable_path/Frameworks",
				);
				PRODUCT_BUNDLE_IDENTIFIER = JC.TouchBistroChallenge;
				PRODUCT_NAME = "$(TARGET_NAME)";
				SWIFT_VERSION = 4.2;
				TARGETED_DEVICE_FAMILY = "1,2";
			};
			name = Release;
		};
		6A5C33F222C2CB26005E2961 /* Debug */ = {
			isa = XCBuildConfiguration;
			buildSettings = {
				ALWAYS_EMBED_SWIFT_STANDARD_LIBRARIES = YES;
				BUNDLE_LOADER = "$(TEST_HOST)";
				CODE_SIGN_STYLE = Automatic;
				INFOPLIST_FILE = TouchBistroChallengeTests/Info.plist;
				LD_RUNPATH_SEARCH_PATHS = (
					"$(inherited)",
					"@executable_path/Frameworks",
					"@loader_path/Frameworks",
				);
				PRODUCT_BUNDLE_IDENTIFIER = JC.TouchBistroChallengeTests;
				PRODUCT_NAME = "$(TARGET_NAME)";
				SWIFT_VERSION = 4.2;
				TARGETED_DEVICE_FAMILY = "1,2";
				TEST_HOST = "$(BUILT_PRODUCTS_DIR)/TouchBistroChallenge.app/TouchBistroChallenge";
			};
			name = Debug;
		};
		6A5C33F322C2CB26005E2961 /* Release */ = {
			isa = XCBuildConfiguration;
			buildSettings = {
				ALWAYS_EMBED_SWIFT_STANDARD_LIBRARIES = YES;
				BUNDLE_LOADER = "$(TEST_HOST)";
				CODE_SIGN_STYLE = Automatic;
				INFOPLIST_FILE = TouchBistroChallengeTests/Info.plist;
				LD_RUNPATH_SEARCH_PATHS = (
					"$(inherited)",
					"@executable_path/Frameworks",
					"@loader_path/Frameworks",
				);
				PRODUCT_BUNDLE_IDENTIFIER = JC.TouchBistroChallengeTests;
				PRODUCT_NAME = "$(TARGET_NAME)";
				SWIFT_VERSION = 4.2;
				TARGETED_DEVICE_FAMILY = "1,2";
				TEST_HOST = "$(BUILT_PRODUCTS_DIR)/TouchBistroChallenge.app/TouchBistroChallenge";
			};
			name = Release;
		};
/* End XCBuildConfiguration section */

/* Begin XCConfigurationList section */
		6A5C33C922C2CB24005E2961 /* Build configuration list for PBXProject "TouchBistroChallenge" */ = {
			isa = XCConfigurationList;
			buildConfigurations = (
				6A5C33EC22C2CB26005E2961 /* Debug */,
				6A5C33ED22C2CB26005E2961 /* Release */,
			);
			defaultConfigurationIsVisible = 0;
			defaultConfigurationName = Release;
		};
		6A5C33EE22C2CB26005E2961 /* Build configuration list for PBXNativeTarget "TouchBistroChallenge" */ = {
			isa = XCConfigurationList;
			buildConfigurations = (
				6A5C33EF22C2CB26005E2961 /* Debug */,
				6A5C33F022C2CB26005E2961 /* Release */,
			);
			defaultConfigurationIsVisible = 0;
			defaultConfigurationName = Release;
		};
		6A5C33F122C2CB26005E2961 /* Build configuration list for PBXNativeTarget "TouchBistroChallengeTests" */ = {
			isa = XCConfigurationList;
			buildConfigurations = (
				6A5C33F222C2CB26005E2961 /* Debug */,
				6A5C33F322C2CB26005E2961 /* Release */,
			);
			defaultConfigurationIsVisible = 0;
			defaultConfigurationName = Release;
		};
/* End XCConfigurationList section */

/* Begin XCVersionGroup section */
		6A5C33D822C2CB24005E2961 /* TouchBistroChallenge.xcdatamodeld */ = {
			isa = XCVersionGroup;
			children = (
				6A5C33D922C2CB24005E2961 /* TouchBistroChallenge.xcdatamodel */,
			);
			currentVersion = 6A5C33D922C2CB24005E2961 /* TouchBistroChallenge.xcdatamodel */;
			path = TouchBistroChallenge.xcdatamodeld;
			sourceTree = "<group>";
			versionGroupType = wrapper.xcdatamodel;
		};
/* End XCVersionGroup section */
	};
	rootObject = 6A5C33C622C2CB24005E2961 /* Project object */;
}
